{
  "version": 4,
  "terraform_version": "1.8.3",
  "serial": 13,
  "lineage": "9c5a680a-e330-2ee5-cdec-c81c60cb960a",
  "outputs": {},
  "resources": [
    {
      "mode": "managed",
      "type": "azurerm_app_service",
      "name": "webapp",
      "provider": "provider[\"registry.terraform.io/hashicorp/azurerm\"]",
      "instances": [
        {
          "schema_version": 0,
          "attributes": {
            "app_service_plan_id": "/subscriptions/40283d81-ccb6-4b0f-98d3-6ce7e83e650a/resourceGroups/rg-eshop-catalog-prod/providers/Microsoft.Web/serverFarms/ASP-rgeshopcatalogdev-b3ea",
            "app_settings": {
              "WEBSITE_NODE_DEFAULT_VERSION": "6.9.1"
            },
            "auth_settings": [
              {
                "active_directory": [],
                "additional_login_params": {},
                "allowed_external_redirect_urls": [],
                "default_provider": "",
                "enabled": false,
                "facebook": [],
                "google": [],
                "issuer": "",
                "microsoft": [],
                "runtime_version": "",
                "token_refresh_extension_hours": 0,
                "token_store_enabled": false,
                "twitter": [],
                "unauthenticated_client_action": ""
              }
            ],
            "backup": [],
            "client_affinity_enabled": false,
            "client_cert_enabled": false,
            "client_cert_mode": "Required",
            "connection_string": [],
            "custom_domain_verification_id": "50CDF5D21C5F169BD71376537BBAF6F8080982E2EB82D4BDDC72B5B8CD71E0DD",
            "default_site_hostname": "eshop-catalog-prod.azurewebsites.net",
            "enabled": true,
            "https_only": false,
            "id": "/subscriptions/40283d81-ccb6-4b0f-98d3-6ce7e83e650a/resourceGroups/rg-eshop-catalog-prod/providers/Microsoft.Web/sites/eshop-catalog-prod",
            "identity": [],
            "key_vault_reference_identity_id": "SystemAssigned",
            "location": "westeurope",
            "logs": [
              {
                "application_logs": [
                  {
                    "azure_blob_storage": [],
                    "file_system_level": "Off"
                  }
                ],
                "detailed_error_messages_enabled": false,
                "failed_request_tracing_enabled": false,
                "http_logs": [
                  {
                    "azure_blob_storage": [],
                    "file_system": []
                  }
                ]
              }
            ],
            "name": "eshop-catalog-prod",
            "outbound_ip_address_list": [
              "20.50.37.118",
              "52.143.10.178",
              "52.143.11.102",
              "52.143.13.109",
              "20.50.225.237",
              "20.50.226.103",
              "20.50.2.20"
            ],
            "outbound_ip_addresses": "20.50.37.118,52.143.10.178,52.143.11.102,52.143.13.109,20.50.225.237,20.50.226.103,20.50.2.20",
            "possible_outbound_ip_address_list": [
              "20.50.37.118",
              "52.143.10.178",
              "52.143.11.102",
              "52.143.13.109",
              "20.50.225.237",
              "20.50.226.103",
              "20.50.227.27",
              "20.50.227.101",
              "20.50.227.255",
              "20.50.228.215",
              "20.50.229.176",
              "20.50.230.117",
              "20.50.230.172",
              "20.50.230.253",
              "20.50.231.15",
              "20.50.231.123",
              "20.50.231.156",
              "20.54.184.2",
              "20.54.184.83",
              "20.54.184.197",
              "20.54.185.15",
              "20.54.185.204",
              "20.54.185.240",
              "20.54.186.28",
              "20.54.186.64",
              "20.54.186.141",
              "20.54.186.219",
              "20.73.144.64",
              "20.73.145.72",
              "20.73.146.157",
              "20.50.2.20"
            ],
            "possible_outbound_ip_addresses": "20.50.37.118,52.143.10.178,52.143.11.102,52.143.13.109,20.50.225.237,20.50.226.103,20.50.227.27,20.50.227.101,20.50.227.255,20.50.228.215,20.50.229.176,20.50.230.117,20.50.230.172,20.50.230.253,20.50.231.15,20.50.231.123,20.50.231.156,20.54.184.2,20.54.184.83,20.54.184.197,20.54.185.15,20.54.185.204,20.54.185.240,20.54.186.28,20.54.186.64,20.54.186.141,20.54.186.219,20.73.144.64,20.73.145.72,20.73.146.157,20.50.2.20",
            "resource_group_name": "rg-eshop-catalog-prod",
            "site_config": [
              {
                "acr_use_managed_identity_credentials": false,
                "acr_user_managed_identity_client_id": "",
                "always_on": false,
                "app_command_line": "",
                "auto_swap_slot_name": "",
                "cors": [],
                "default_documents": [
                  "Default.htm",
                  "Default.html",
                  "Default.asp",
                  "index.htm",
                  "index.html",
                  "iisstart.htm",
                  "default.aspx",
                  "index.php",
                  "hostingstart.html"
                ],
                "dotnet_framework_version": "v4.0",
                "ftps_state": "FtpsOnly",
                "health_check_path": "",
                "http2_enabled": false,
                "ip_restriction": [],
                "java_container": "",
                "java_container_version": "",
                "java_version": "",
                "linux_fx_version": "",
                "local_mysql_enabled": false,
                "managed_pipeline_mode": "Integrated",
                "min_tls_version": "1.2",
                "number_of_workers": 1,
                "php_version": "5.6",
                "python_version": "",
                "remote_debugging_enabled": false,
                "remote_debugging_version": "",
                "scm_ip_restriction": [],
                "scm_type": "None",
                "scm_use_main_ip_restriction": false,
                "use_32_bit_worker_process": true,
                "vnet_route_all_enabled": false,
                "websockets_enabled": false,
                "windows_fx_version": ""
              }
            ],
            "site_credential": [
              {
                "password": "xqTgavb28im1zjsA5ZT9fS5claJy0hjBqauW2qp0DG0EL5uun9AJC3wqemQg",
                "username": "$eshop-catalog-prod"
              }
            ],
            "source_control": [
              {
                "branch": "main",
                "manual_integration": false,
                "repo_url": "",
                "rollback_enabled": false,
                "use_mercurial": false
              }
            ],
            "storage_account": [],
            "tags": null,
            "timeouts": null
          },
          "sensitive_attributes": [],
          "private": "eyJlMmJmYjczMC1lY2FhLTExZTYtOGY4OC0zNDM2M2JjN2M0YzAiOnsiY3JlYXRlIjoxODAwMDAwMDAwMDAwLCJkZWxldGUiOjE4MDAwMDAwMDAwMDAsInJlYWQiOjMwMDAwMDAwMDAwMCwidXBkYXRlIjoxODAwMDAwMDAwMDAwfX0=",
          "dependencies": [
            "azurerm_resource_group.rg",
            "azurerm_service_plan.app_service_plan"
          ]
        }
      ]
    },
    {
      "mode": "managed",
      "type": "azurerm_federated_identity_credential",
      "name": "example",
      "provider": "provider[\"registry.terraform.io/hashicorp/azurerm\"]",
      "instances": [
        {
          "schema_version": 0,
          "attributes": {
            "audience": [
              "api://AzureADTokenExchange"
            ],
            "id": "/subscriptions/40283d81-ccb6-4b0f-98d3-6ce7e83e650a/resourceGroups/rg-eshop-catalog-prod/providers/Microsoft.ManagedIdentity/userAssignedIdentities/eshopproductionci-cd-eshop-sp-prod/federatedIdentityCredentials/github_eshop-backend-01_prod",
            "issuer": "https://token.actions.githubusercontent.com",
            "name": "github_eshop-backend-01_prod",
            "parent_id": "/subscriptions/40283d81-ccb6-4b0f-98d3-6ce7e83e650a/resourceGroups/rg-eshop-catalog-prod/providers/Microsoft.ManagedIdentity/userAssignedIdentities/eshopproductionci-cd-eshop-sp-prod",
            "resource_group_name": "rg-eshop-catalog-prod",
            "subject": "repo:avisdutta15/eshop-backend-01:environment:prod",
            "timeouts": null
          },
          "sensitive_attributes": [],
          "private": "eyJlMmJmYjczMC1lY2FhLTExZTYtOGY4OC0zNDM2M2JjN2M0YzAiOnsiY3JlYXRlIjoxODAwMDAwMDAwMDAwLCJkZWxldGUiOjE4MDAwMDAwMDAwMDAsInJlYWQiOjMwMDAwMDAwMDAwMCwidXBkYXRlIjoxODAwMDAwMDAwMDAwfX0=",
          "dependencies": [
            "azurerm_resource_group.rg",
            "azurerm_user_assigned_identity.github_managed_identity"
          ]
        }
      ]
    },
    {
      "mode": "managed",
      "type": "azurerm_resource_group",
      "name": "rg",
      "provider": "provider[\"registry.terraform.io/hashicorp/azurerm\"]",
      "instances": [
        {
          "schema_version": 0,
          "attributes": {
            "id": "/subscriptions/40283d81-ccb6-4b0f-98d3-6ce7e83e650a/resourceGroups/rg-eshop-catalog-prod",
            "location": "westeurope",
            "managed_by": "",
            "name": "rg-eshop-catalog-prod",
            "tags": null,
            "timeouts": null
          },
          "sensitive_attributes": [],
          "private": "eyJlMmJmYjczMC1lY2FhLTExZTYtOGY4OC0zNDM2M2JjN2M0YzAiOnsiY3JlYXRlIjo1NDAwMDAwMDAwMDAwLCJkZWxldGUiOjU0MDAwMDAwMDAwMDAsInJlYWQiOjMwMDAwMDAwMDAwMCwidXBkYXRlIjo1NDAwMDAwMDAwMDAwfX0="
        }
      ]
    },
    {
      "mode": "managed",
      "type": "azurerm_service_plan",
      "name": "app_service_plan",
      "provider": "provider[\"registry.terraform.io/hashicorp/azurerm\"]",
      "instances": [
        {
          "schema_version": 1,
          "attributes": {
            "app_service_environment_id": "",
            "id": "/subscriptions/40283d81-ccb6-4b0f-98d3-6ce7e83e650a/resourceGroups/rg-eshop-catalog-prod/providers/Microsoft.Web/serverFarms/ASP-rgeshopcatalogdev-b3ea",
            "kind": "app",
            "location": "westeurope",
            "maximum_elastic_worker_count": 1,
            "name": "ASP-rgeshopcatalogdev-b3ea",
            "os_type": "Windows",
            "per_site_scaling_enabled": false,
            "reserved": false,
            "resource_group_name": "rg-eshop-catalog-prod",
            "sku_name": "F1",
            "tags": null,
            "timeouts": null,
            "worker_count": 0,
            "zone_balancing_enabled": false
          },
          "sensitive_attributes": [],
          "private": "eyJlMmJmYjczMC1lY2FhLTExZTYtOGY4OC0zNDM2M2JjN2M0YzAiOnsiY3JlYXRlIjozNjAwMDAwMDAwMDAwLCJkZWxldGUiOjM2MDAwMDAwMDAwMDAsInJlYWQiOjMwMDAwMDAwMDAwMCwidXBkYXRlIjozNjAwMDAwMDAwMDAwfSwic2NoZW1hX3ZlcnNpb24iOiIxIn0=",
          "dependencies": [
            "azurerm_resource_group.rg"
          ]
        }
      ]
    },
    {
      "mode": "managed",
      "type": "azurerm_user_assigned_identity",
      "name": "github_managed_identity",
      "provider": "provider[\"registry.terraform.io/hashicorp/azurerm\"]",
      "instances": [
        {
          "schema_version": 1,
          "attributes": {
            "client_id": "268e5bb6-00ac-43a9-b72b-a0141427a854",
            "id": "/subscriptions/40283d81-ccb6-4b0f-98d3-6ce7e83e650a/resourceGroups/rg-eshop-catalog-prod/providers/Microsoft.ManagedIdentity/userAssignedIdentities/eshopproductionci-cd-eshop-sp-prod",
            "location": "westeurope",
            "name": "eshopproductionci-cd-eshop-sp-prod",
            "principal_id": "d566d1b1-9745-49ef-97e6-6ecefc206dfd",
            "resource_group_name": "rg-eshop-catalog-prod",
            "tags": null,
            "tenant_id": "05d75c05-fa1a-42e7-9cf1-eb416c396f2d",
            "timeouts": null
          },
          "sensitive_attributes": [],
          "private": "eyJlMmJmYjczMC1lY2FhLTExZTYtOGY4OC0zNDM2M2JjN2M0YzAiOnsiY3JlYXRlIjoxODAwMDAwMDAwMDAwLCJkZWxldGUiOjE4MDAwMDAwMDAwMDAsInJlYWQiOjMwMDAwMDAwMDAwMCwidXBkYXRlIjoxODAwMDAwMDAwMDAwfSwic2NoZW1hX3ZlcnNpb24iOiIxIn0=",
          "dependencies": [
            "azurerm_resource_group.rg"
          ]
        }
      ]
    }
  ],
  "check_results": null
}
